
Microsoft Visual Studio Solution File, Format Version 12.00
# Visual Studio Version 17
VisualStudioVersion = 17.0.32112.339
MinimumVisualStudioVersion = 10.0.40219.1
Project("{FAE04EC0-301F-11D3-BF4B-00C04F79EFBC}") = "FSSimConnectorLib", "FSSimConnectorLib\FSSimConnectorLib.csproj", "{D5F5CD4D-B42D-4C3C-BEBB-5B6B4EB88F49}"
EndProject
Project("{FAE04EC0-301F-11D3-BF4B-00C04F79EFBC}") = "FSSimConnectorLibConsole", "FSSimConnectorLibConsole\FSSimConnectorLibConsole.csproj", "{DA60B022-3A58-4441-B129-F24D2646413D}"
EndProject
Global
	GlobalSection(SolutionConfigurationPlatforms) = preSolution
		Debug|Any CPU = Debug|Any CPU
		Release|Any CPU = Release|Any CPU
	EndGlobalSection
	GlobalSection(ProjectConfigurationPlatforms) = postSolution
		{D5F5CD4D-B42D-4C3C-BEBB-5B6B4EB88F49}.Debug|Any CPU.ActiveCfg = Debug|Any CPU
		{D5F5CD4D-B42D-4C3C-BEBB-5B6B4EB88F49}.Debug|Any CPU.Build.0 = Debug|Any CPU
		{D5F5CD4D-B42D-4C3C-BEBB-5B6B4EB88F49}.Release|Any CPU.ActiveCfg = Release|Any CPU
		{D5F5CD4D-B42D-4C3C-BEBB-5B6B4EB88F49}.Release|Any CPU.Build.0 = Release|Any CPU
		{DA60B022-3A58-4441-B129-F24D2646413D}.Debug|Any CPU.ActiveCfg = Debug|Any CPU
		{DA60B022-3A58-4441-B129-F24D2646413D}.Debug|Any CPU.Build.0 = Debug|Any CPU
		{DA60B022-3A58-4441-B129-F24D2646413D}.Release|Any CPU.ActiveCfg = Release|Any CPU
		{DA60B022-3A58-4441-B129-F24D2646413D}.Release|Any CPU.Build.0 = Release|Any CPU
	EndGlobalSection
	GlobalSection(SolutionProperties) = preSolution
		HideSolutionNode = FALSE
	EndGlobalSection
	GlobalSection(ExtensibilityGlobals) = postSolution
		SolutionGuid = {6B94A7D1-0DAA-4A1B-A3AC-D8754744B63F}
	EndGlobalSection
EndGlobal
